
Microsoft Visual Studio Solution File, Format Version 12.00
# Visual Studio 15
VisualStudioVersion = 15.0.27130.2027
MinimumVisualStudioVersion = 10.0.40219.1
Project("{FAE04EC0-301F-11D3-BF4B-00C04F79EFBC}") = "ImageDownloadServiceLibrary", "ImageDownloadServiceLibrary\ImageDownloadServiceLibrary.csproj", "{7D5AD428-BB40-4B9A-9261-A049B4EB082A}"
EndProject
Project("{FAE04EC0-301F-11D3-BF4B-00C04F79EFBC}") = "ImageDownloadHost", "ImageDownloadHost\ImageDownloadHost.csproj", "{8239F9CA-65CD-43E3-A0E3-B9D21F0ECFC1}"
EndProject
Global
	GlobalSection(SolutionConfigurationPlatforms) = preSolution
		Debug|Any CPU = Debug|Any CPU
		Release|Any CPU = Release|Any CPU
	EndGlobalSection
	GlobalSection(ProjectConfigurationPlatforms) = postSolution
		{7D5AD428-BB40-4B9A-9261-A049B4EB082A}.Debug|Any CPU.ActiveCfg = Debug|Any CPU
		{7D5AD428-BB40-4B9A-9261-A049B4EB082A}.Debug|Any CPU.Build.0 = Debug|Any CPU
		{7D5AD428-BB40-4B9A-9261-A049B4EB082A}.Release|Any CPU.ActiveCfg = Release|Any CPU
		{7D5AD428-BB40-4B9A-9261-A049B4EB082A}.Release|Any CPU.Build.0 = Release|Any CPU
		{8239F9CA-65CD-43E3-A0E3-B9D21F0ECFC1}.Debug|Any CPU.ActiveCfg = Debug|Any CPU
		{8239F9CA-65CD-43E3-A0E3-B9D21F0ECFC1}.Debug|Any CPU.Build.0 = Debug|Any CPU
		{8239F9CA-65CD-43E3-A0E3-B9D21F0ECFC1}.Release|Any CPU.ActiveCfg = Release|Any CPU
		{8239F9CA-65CD-43E3-A0E3-B9D21F0ECFC1}.Release|Any CPU.Build.0 = Release|Any CPU
	EndGlobalSection
	GlobalSection(SolutionProperties) = preSolution
		HideSolutionNode = FALSE
	EndGlobalSection
	GlobalSection(ExtensibilityGlobals) = postSolution
		SolutionGuid = {B01F3902-70F2-4434-BFA0-74C75D37095B}
	EndGlobalSection
EndGlobal
